
Microsoft Visual Studio Solution File, Format Version 12.00
# Visual Studio Version 17
VisualStudioVersion = 17.0.31903.59
MinimumVisualStudioVersion = 10.0.40219.1
Project("{2150E333-8FDC-42A3-9474-1A3956D46DE8}") = "src", "src", "{598EE99B-1856-4373-8120-0F9DBA3AB44E}"
EndProject
Project("{2150E333-8FDC-42A3-9474-1A3956D46DE8}") = "BuildingBlocks", "BuildingBlocks", "{9BB54412-90CE-4BD5-8929-1962069C31A0}"
EndProject
Project("{2150E333-8FDC-42A3-9474-1A3956D46DE8}") = "src", "src", "{540777FC-A439-4093-A289-F1A67C62139E}"
EndProject
Project("{FAE04EC0-301F-11D3-BF4B-00C04F79EFBC}") = "BuildingBlocks.Domain", "src\BuildingBlocks\src\BuildingBlocks.Domain\BuildingBlocks.Domain.csproj", "{2899F9FB-662B-4003-A60B-F79ED0D17459}"
EndProject
Project("{FAE04EC0-301F-11D3-BF4B-00C04F79EFBC}") = "BuildingBlocks.Application", "src\BuildingBlocks\src\BuildingBlocks.Application\BuildingBlocks.Application.csproj", "{DF18E38B-856A-4C2D-B1ED-39877980C179}"
EndProject
Project("{FAE04EC0-301F-11D3-BF4B-00C04F79EFBC}") = "BuildingBlocks.Infrastructure", "src\BuildingBlocks\src\BuildingBlocks.Infrastructure\BuildingBlocks.Infrastructure.csproj", "{F664491C-3294-49B0-BF32-4955A8FBC50A}"
EndProject
Project("{FAE04EC0-301F-11D3-BF4B-00C04F79EFBC}") = "BuildingBlocks.EventBus", "src\BuildingBlocks\src\BuildingBlocks.EventBus\BuildingBlocks.EventBus.csproj", "{779ACF15-D6F0-43F6-ABA8-2B26BEE25ABA}"
EndProject
Project("{2150E333-8FDC-42A3-9474-1A3956D46DE8}") = "Modules", "Modules", "{3357F17E-0F23-4D70-AB92-CBC45FB59D5E}"
EndProject
Project("{2150E333-8FDC-42A3-9474-1A3956D46DE8}") = "UserAccess", "UserAccess", "{4F8AABF4-9B90-4AF9-AC81-BE840E1F953F}"
EndProject
Project("{2150E333-8FDC-42A3-9474-1A3956D46DE8}") = "src", "src", "{D8167740-3ED0-45FD-A867-A1D51841B346}"
EndProject
Project("{FAE04EC0-301F-11D3-BF4B-00C04F79EFBC}") = "UserAccess.Domain", "src\Modules\UserAccess\src\UserAccess.Domain\UserAccess.Domain.csproj", "{DA46000F-0DFE-4616-8445-D3D1ED6DA7B3}"
EndProject
Global
	GlobalSection(SolutionConfigurationPlatforms) = preSolution
		Debug|Any CPU = Debug|Any CPU
		Release|Any CPU = Release|Any CPU
	EndGlobalSection
	GlobalSection(SolutionProperties) = preSolution
		HideSolutionNode = FALSE
	EndGlobalSection
	GlobalSection(ProjectConfigurationPlatforms) = postSolution
		{2899F9FB-662B-4003-A60B-F79ED0D17459}.Debug|Any CPU.ActiveCfg = Debug|Any CPU
		{2899F9FB-662B-4003-A60B-F79ED0D17459}.Debug|Any CPU.Build.0 = Debug|Any CPU
		{2899F9FB-662B-4003-A60B-F79ED0D17459}.Release|Any CPU.ActiveCfg = Release|Any CPU
		{2899F9FB-662B-4003-A60B-F79ED0D17459}.Release|Any CPU.Build.0 = Release|Any CPU
		{DF18E38B-856A-4C2D-B1ED-39877980C179}.Debug|Any CPU.ActiveCfg = Debug|Any CPU
		{DF18E38B-856A-4C2D-B1ED-39877980C179}.Debug|Any CPU.Build.0 = Debug|Any CPU
		{DF18E38B-856A-4C2D-B1ED-39877980C179}.Release|Any CPU.ActiveCfg = Release|Any CPU
		{DF18E38B-856A-4C2D-B1ED-39877980C179}.Release|Any CPU.Build.0 = Release|Any CPU
		{F664491C-3294-49B0-BF32-4955A8FBC50A}.Debug|Any CPU.ActiveCfg = Debug|Any CPU
		{F664491C-3294-49B0-BF32-4955A8FBC50A}.Debug|Any CPU.Build.0 = Debug|Any CPU
		{F664491C-3294-49B0-BF32-4955A8FBC50A}.Release|Any CPU.ActiveCfg = Release|Any CPU
		{F664491C-3294-49B0-BF32-4955A8FBC50A}.Release|Any CPU.Build.0 = Release|Any CPU
		{779ACF15-D6F0-43F6-ABA8-2B26BEE25ABA}.Debug|Any CPU.ActiveCfg = Debug|Any CPU
		{779ACF15-D6F0-43F6-ABA8-2B26BEE25ABA}.Debug|Any CPU.Build.0 = Debug|Any CPU
		{779ACF15-D6F0-43F6-ABA8-2B26BEE25ABA}.Release|Any CPU.ActiveCfg = Release|Any CPU
		{779ACF15-D6F0-43F6-ABA8-2B26BEE25ABA}.Release|Any CPU.Build.0 = Release|Any CPU
		{DA46000F-0DFE-4616-8445-D3D1ED6DA7B3}.Debug|Any CPU.ActiveCfg = Debug|Any CPU
		{DA46000F-0DFE-4616-8445-D3D1ED6DA7B3}.Debug|Any CPU.Build.0 = Debug|Any CPU
		{DA46000F-0DFE-4616-8445-D3D1ED6DA7B3}.Release|Any CPU.ActiveCfg = Release|Any CPU
		{DA46000F-0DFE-4616-8445-D3D1ED6DA7B3}.Release|Any CPU.Build.0 = Release|Any CPU
	EndGlobalSection
	GlobalSection(NestedProjects) = preSolution
		{9BB54412-90CE-4BD5-8929-1962069C31A0} = {598EE99B-1856-4373-8120-0F9DBA3AB44E}
		{540777FC-A439-4093-A289-F1A67C62139E} = {9BB54412-90CE-4BD5-8929-1962069C31A0}
		{2899F9FB-662B-4003-A60B-F79ED0D17459} = {540777FC-A439-4093-A289-F1A67C62139E}
		{DF18E38B-856A-4C2D-B1ED-39877980C179} = {540777FC-A439-4093-A289-F1A67C62139E}
		{F664491C-3294-49B0-BF32-4955A8FBC50A} = {540777FC-A439-4093-A289-F1A67C62139E}
		{779ACF15-D6F0-43F6-ABA8-2B26BEE25ABA} = {540777FC-A439-4093-A289-F1A67C62139E}
		{3357F17E-0F23-4D70-AB92-CBC45FB59D5E} = {598EE99B-1856-4373-8120-0F9DBA3AB44E}
		{4F8AABF4-9B90-4AF9-AC81-BE840E1F953F} = {3357F17E-0F23-4D70-AB92-CBC45FB59D5E}
		{D8167740-3ED0-45FD-A867-A1D51841B346} = {4F8AABF4-9B90-4AF9-AC81-BE840E1F953F}
		{DA46000F-0DFE-4616-8445-D3D1ED6DA7B3} = {D8167740-3ED0-45FD-A867-A1D51841B346}
	EndGlobalSection
EndGlobal
